
Microsoft Visual Studio Solution File, Format Version 12.00
# Visual Studio Version 17
VisualStudioVersion = 17.8.34330.188
MinimumVisualStudioVersion = 10.0.40219.1
Project("{FAE04EC0-301F-11D3-BF4B-00C04F79EFBC}") = "bokningsapp", "bokningsapp\bokningsapp.csproj", "{A569DD82-920A-40DF-8DE6-242FDE987D81}"
EndProject
Global
	GlobalSection(SolutionConfigurationPlatforms) = preSolution
		Debug|Any CPU = Debug|Any CPU
		Release|Any CPU = Release|Any CPU
	EndGlobalSection
	GlobalSection(ProjectConfigurationPlatforms) = postSolution
		{A569DD82-920A-40DF-8DE6-242FDE987D81}.Debug|Any CPU.ActiveCfg = Debug|Any CPU
		{A569DD82-920A-40DF-8DE6-242FDE987D81}.Debug|Any CPU.Build.0 = Debug|Any CPU
		{A569DD82-920A-40DF-8DE6-242FDE987D81}.Release|Any CPU.ActiveCfg = Release|Any CPU
		{A569DD82-920A-40DF-8DE6-242FDE987D81}.Release|Any CPU.Build.0 = Release|Any CPU
	EndGlobalSection
	GlobalSection(SolutionProperties) = preSolution
		HideSolutionNode = FALSE
	EndGlobalSection
	GlobalSection(ExtensibilityGlobals) = postSolution
		SolutionGuid = {6333EB1E-538B-4FAF-9D6B-FC5B51209CE3}
	EndGlobalSection
EndGlobal
